	
Microsoft Visual Studio Solution File, Format Version 12.00
# Visual Studio 15
VisualStudioVersion = 15.0.26403.7
MinimumVisualStudioVersion = 10.0.40219.1
Project("{FAE04EC0-301F-11D3-BF4B-00C04F79EFBC}") = "Spider", "Spider\Spider.csproj", "{06DE0E7E-727B-4497-9924-B69CF64DC73A}"
EndProject
Project("{FAE04EC0-301F-11D3-BF4B-00C04F79EFBC}") = "Spider.Tests", "Spider.Tests\Spider.Tests.csproj", "{F3E28C12-35A7-4E8B-8137-D7B0F9FCAD15}"
EndProject
Global
	GlobalSection(SolutionConfigurationPlatforms) = preSolution
		Debug|Any CPU = Debug|Any CPU
		Release|Any CPU = Release|Any CPU
	EndGlobalSection
	GlobalSection(ProjectConfigurationPlatforms) = postSolution
		{06DE0E7E-727B-4497-9924-B69CF64DC73A}.Debug|Any CPU.ActiveCfg = Debug|Any CPU
		{06DE0E7E-727B-4497-9924-B69CF64DC73A}.Debug|Any CPU.Build.0 = Debug|Any CPU
		{06DE0E7E-727B-4497-9924-B69CF64DC73A}.Release|Any CPU.ActiveCfg = Release|Any CPU
		{06DE0E7E-727B-4497-9924-B69CF64DC73A}.Release|Any CPU.Build.0 = Release|Any CPU
		{F3E28C12-35A7-4E8B-8137-D7B0F9FCAD15}.Debug|Any CPU.ActiveCfg = Debug|Any CPU
		{F3E28C12-35A7-4E8B-8137-D7B0F9FCAD15}.Debug|Any CPU.Build.0 = Debug|Any CPU
		{F3E28C12-35A7-4E8B-8137-D7B0F9FCAD15}.Release|Any CPU.ActiveCfg = Release|Any CPU
		{F3E28C12-35A7-4E8B-8137-D7B0F9FCAD15}.Release|Any CPU.Build.0 = Release|Any CPU
	EndGlobalSection
	GlobalSection(SolutionProperties) = preSolution
		HideSolutionNode = FALSE
	EndGlobalSection
EndGlobal
